
Microsoft Visual Studio Solution File, Format Version 12.00
# Visual Studio Version 17
VisualStudioVersion = 17.5.33530.505
MinimumVisualStudioVersion = 10.0.40219.1
Project("{FAE04EC0-301F-11D3-BF4B-00C04F79EFBC}") = "primes", "primes\primes.csproj", "{D7ED8FC2-3732-4B90-AC53-86DA7A7D1A43}"
EndProject
Global
	GlobalSection(SolutionConfigurationPlatforms) = preSolution
		Debug|Any CPU = Debug|Any CPU
		Release|Any CPU = Release|Any CPU
	EndGlobalSection
	GlobalSection(ProjectConfigurationPlatforms) = postSolution
		{D7ED8FC2-3732-4B90-AC53-86DA7A7D1A43}.Debug|Any CPU.ActiveCfg = Debug|Any CPU
		{D7ED8FC2-3732-4B90-AC53-86DA7A7D1A43}.Debug|Any CPU.Build.0 = Debug|Any CPU
		{D7ED8FC2-3732-4B90-AC53-86DA7A7D1A43}.Release|Any CPU.ActiveCfg = Release|Any CPU
		{D7ED8FC2-3732-4B90-AC53-86DA7A7D1A43}.Release|Any CPU.Build.0 = Release|Any CPU
	EndGlobalSection
	GlobalSection(SolutionProperties) = preSolution
		HideSolutionNode = FALSE
	EndGlobalSection
	GlobalSection(ExtensibilityGlobals) = postSolution
		SolutionGuid = {3993E270-ADB3-42B0-B90E-02B6B0D54786}
	EndGlobalSection
EndGlobal
